
Microsoft Visual Studio Solution File, Format Version 12.00
# Visual Studio Version 17
VisualStudioVersion = 17.6.33801.468
MinimumVisualStudioVersion = 10.0.40219.1
Project("{FAE04EC0-301F-11D3-BF4B-00C04F79EFBC}") = "API", "API\API.csproj", "{2A84A59D-0534-49F6-BB14-98E72EE312DE}"
EndProject
Global
	GlobalSection(SolutionConfigurationPlatforms) = preSolution
		Debug|Any CPU = Debug|Any CPU
		Release|Any CPU = Release|Any CPU
	EndGlobalSection
	GlobalSection(ProjectConfigurationPlatforms) = postSolution
		{2A84A59D-0534-49F6-BB14-98E72EE312DE}.Debug|Any CPU.ActiveCfg = Debug|Any CPU
		{2A84A59D-0534-49F6-BB14-98E72EE312DE}.Debug|Any CPU.Build.0 = Debug|Any CPU
		{2A84A59D-0534-49F6-BB14-98E72EE312DE}.Release|Any CPU.ActiveCfg = Release|Any CPU
		{2A84A59D-0534-49F6-BB14-98E72EE312DE}.Release|Any CPU.Build.0 = Release|Any CPU
	EndGlobalSection
	GlobalSection(SolutionProperties) = preSolution
		HideSolutionNode = FALSE
	EndGlobalSection
	GlobalSection(ExtensibilityGlobals) = postSolution
		SolutionGuid = {7DCEC394-22A1-41FA-864B-6A014D16925B}
	EndGlobalSection
EndGlobal
